{
  "name": "zhang18-data",
  "version": "0.0.1",
  "lockfileVersion": 1,
  "requires": true,
  "dependencies": {
    "csv-parse": {
      "version": "3.2.0",
      "resolved": "https://registry.npmjs.org/csv-parse/-/csv-parse-3.2.0.tgz",
      "integrity": "sha512-1IBQ7PYHc5h6AXS4nyGsmicttbpUbNvlsgKxhvouh+kRaVug8xBWSiIeWdbPUQgjKG88hEGYjdU29fX73mo+6Q=="
    },
    "moment": {
      "version": "2.22.2",
      "resolved": "https://registry.npmjs.org/moment/-/moment-2.22.2.tgz",
      "integrity": "sha1-PCV/mDn8DpP/UxSWMiOeuQeD/2Y="
    },
    "setdefault": {
      "version": "1.0.1",
      "resolved": "https://registry.npmjs.org/setdefault/-/setdefault-1.0.1.tgz",
      "integrity": "sha512-arqm0jk5zj9w0nP3psCykOeyql0xwRMc8PieKW5r4hYaAbbfN6q8U6c5qqNQ9WZBszcDERQ4yZaAwA9nzMSy5w=="
    }
  }
}
